Microsoft Visual Studio Solution File, Format Version 11.00
# Visual Studio 2008

Project("{F5823967-2772-CB8E-5471-B746B65ABD3E}") = "DragTank", "Assembly-CSharp-firstpass-vs.csproj", "{23A5A3E3-678E-8972-D56E-E72CB1665FA0}"
EndProject
Project("{F5823967-2772-CB8E-5471-B746B65ABD3E}") = "DragTank", "Assembly-CSharp-vs.csproj", "{9311D547-7398-68B2-48EB-A78C7B21F9DF}"
EndProject
Global
	GlobalSection(SolutionConfigurationPlatforms) = preSolution
		Debug|Any CPU = Debug|Any CPU
		Release|Any CPU = Release|Any CPU
	EndGlobalSection
	GlobalSection(ProjectConfigurationPlatforms) = postSolution
		{23A5A3E3-678E-8972-D56E-E72CB1665FA0}.Debug|Any CPU.ActiveCfg = Debug|Any CPU
		{23A5A3E3-678E-8972-D56E-E72CB1665FA0}.Debug|Any CPU.Build.0 = Debug|Any CPU
		{23A5A3E3-678E-8972-D56E-E72CB1665FA0}.Release|Any CPU.ActiveCfg = Release|Any CPU
		{23A5A3E3-678E-8972-D56E-E72CB1665FA0}.Release|Any CPU.Build.0 = Release|Any CPU
		{9311D547-7398-68B2-48EB-A78C7B21F9DF}.Debug|Any CPU.ActiveCfg = Debug|Any CPU
		{9311D547-7398-68B2-48EB-A78C7B21F9DF}.Debug|Any CPU.Build.0 = Debug|Any CPU
		{9311D547-7398-68B2-48EB-A78C7B21F9DF}.Release|Any CPU.ActiveCfg = Release|Any CPU
		{9311D547-7398-68B2-48EB-A78C7B21F9DF}.Release|Any CPU.Build.0 = Release|Any CPU
	EndGlobalSection
	GlobalSection(SolutionProperties) = preSolution
		HideSolutionNode = FALSE
	EndGlobalSection
								GlobalSection(MonoDevelopProperties) = preSolution
		StartupItem = Assembly-CSharp.csproj
		Policies = $0
		$0.TextStylePolicy = $1
		$1.inheritsSet = VisualStudio
		$1.inheritsScope = text/plain
		$1.scope = text/x-csharp
		$0.CSharpFormattingPolicy = $2
		$2.IndentSwitchBody = True
		$2.AnonymousMethodBraceStyle = NextLine
		$2.PropertyBraceStyle = NextLine
		$2.PropertyGetBraceStyle = NextLine
		$2.PropertySetBraceStyle = NextLine
		$2.EventBraceStyle = NextLine
		$2.EventAddBraceStyle = NextLine
		$2.EventRemoveBraceStyle = NextLine
		$2.StatementBraceStyle = NextLine
		$2.ArrayInitializerBraceStyle = NextLine
		$2.BeforeMethodDeclarationParentheses = False
		$2.BeforeMethodCallParentheses = False
		$2.BeforeConstructorDeclarationParentheses = False
		$2.BeforeDelegateDeclarationParentheses = False
		$2.NewParentheses = False
		$2.inheritsSet = Mono
		$2.inheritsScope = text/x-csharp
		$2.scope = text/x-csharp
		$0.TextStylePolicy = $3
		$3.FileWidth = 120
		$3.TabsToSpaces = False
		$3.inheritsSet = VisualStudio
		$3.inheritsScope = text/plain
		$3.scope = text/plain
	EndGlobalSection

EndGlobal
